
Microsoft Visual Studio Solution File, Format Version 12.00
# Visual Studio Version 17
VisualStudioVersion = 17.11.35208.52
MinimumVisualStudioVersion = 10.0.40219.1
Project("{9A19103F-16F7-4668-BE54-9A1E7A4F7556}") = "AAAFitting", "AAAFitting\AAAFitting.csproj", "{FE4E7B82-55DF-406E-A16B-386CA3DA21A1}"
EndProject
Project("{FAE04EC0-301F-11D3-BF4B-00C04F79EFBC}") = "AAAFittingTest", "AAAFittingTest\AAAFittingTest.csproj", "{99923C52-DEFF-406D-994E-CEE91C3B2E10}"
	ProjectSection(ProjectDependencies) = postProject
		{FE4E7B82-55DF-406E-A16B-386CA3DA21A1} = {FE4E7B82-55DF-406E-A16B-386CA3DA21A1}
	EndProjectSection
EndProject
Global
	GlobalSection(SolutionConfigurationPlatforms) = preSolution
		Debug|Any CPU = Debug|Any CPU
		Release|Any CPU = Release|Any CPU
	EndGlobalSection
	GlobalSection(ProjectConfigurationPlatforms) = postSolution
		{FE4E7B82-55DF-406E-A16B-386CA3DA21A1}.Debug|Any CPU.ActiveCfg = Debug|Any CPU
		{FE4E7B82-55DF-406E-A16B-386CA3DA21A1}.Debug|Any CPU.Build.0 = Debug|Any CPU
		{FE4E7B82-55DF-406E-A16B-386CA3DA21A1}.Release|Any CPU.ActiveCfg = Release|Any CPU
		{FE4E7B82-55DF-406E-A16B-386CA3DA21A1}.Release|Any CPU.Build.0 = Release|Any CPU
		{99923C52-DEFF-406D-994E-CEE91C3B2E10}.Debug|Any CPU.ActiveCfg = Debug|Any CPU
		{99923C52-DEFF-406D-994E-CEE91C3B2E10}.Debug|Any CPU.Build.0 = Debug|Any CPU
		{99923C52-DEFF-406D-994E-CEE91C3B2E10}.Release|Any CPU.ActiveCfg = Release|Any CPU
		{99923C52-DEFF-406D-994E-CEE91C3B2E10}.Release|Any CPU.Build.0 = Release|Any CPU
	EndGlobalSection
	GlobalSection(SolutionProperties) = preSolution
		HideSolutionNode = FALSE
	EndGlobalSection
	GlobalSection(ExtensibilityGlobals) = postSolution
		SolutionGuid = {ADC59188-6507-4836-91D6-E45BD1D6BFFD}
	EndGlobalSection
EndGlobal
